
Microsoft Visual Studio Solution File, Format Version 12.00
Project("{FAE04EC0-301F-11D3-BF4B-00C04F79EFBC}") = "DudNet", "DudNet\DudNet.csproj", "{15E0BE39-00CF-4E22-8D8A-50DD34BEE13A}"
EndProject
Project("{FAE04EC0-301F-11D3-BF4B-00C04F79EFBC}") = "DudNet.Tests", "DudNet.Tests\DudNet.Tests.csproj", "{2867C0E1-743A-41DA-A51A-CAE7F2C6A526}"
EndProject
Project("{FAE04EC0-301F-11D3-BF4B-00C04F79EFBC}") = "Dudnet.Example", "Dudnet.Example\Dudnet.Example.csproj", "{12AC76C8-C00B-423F-ABD3-26C69E84AD59}"
EndProject
Global
	GlobalSection(SolutionConfigurationPlatforms) = preSolution
		Debug|Any CPU = Debug|Any CPU
		Release|Any CPU = Release|Any CPU
	EndGlobalSection
	GlobalSection(ProjectConfigurationPlatforms) = postSolution
		{15E0BE39-00CF-4E22-8D8A-50DD34BEE13A}.Debug|Any CPU.ActiveCfg = Debug|Any CPU
		{15E0BE39-00CF-4E22-8D8A-50DD34BEE13A}.Debug|Any CPU.Build.0 = Debug|Any CPU
		{15E0BE39-00CF-4E22-8D8A-50DD34BEE13A}.Release|Any CPU.ActiveCfg = Release|Any CPU
		{15E0BE39-00CF-4E22-8D8A-50DD34BEE13A}.Release|Any CPU.Build.0 = Release|Any CPU
		{2867C0E1-743A-41DA-A51A-CAE7F2C6A526}.Debug|Any CPU.ActiveCfg = Debug|Any CPU
		{2867C0E1-743A-41DA-A51A-CAE7F2C6A526}.Debug|Any CPU.Build.0 = Debug|Any CPU
		{2867C0E1-743A-41DA-A51A-CAE7F2C6A526}.Release|Any CPU.ActiveCfg = Release|Any CPU
		{2867C0E1-743A-41DA-A51A-CAE7F2C6A526}.Release|Any CPU.Build.0 = Release|Any CPU
		{12AC76C8-C00B-423F-ABD3-26C69E84AD59}.Debug|Any CPU.ActiveCfg = Debug|Any CPU
		{12AC76C8-C00B-423F-ABD3-26C69E84AD59}.Debug|Any CPU.Build.0 = Debug|Any CPU
		{12AC76C8-C00B-423F-ABD3-26C69E84AD59}.Release|Any CPU.ActiveCfg = Release|Any CPU
		{12AC76C8-C00B-423F-ABD3-26C69E84AD59}.Release|Any CPU.Build.0 = Release|Any CPU
	EndGlobalSection
EndGlobal
